
Microsoft Visual Studio Solution File, Format Version 12.00
# Visual Studio Version 16
VisualStudioVersion = 16.0.30804.86
MinimumVisualStudioVersion = 10.0.40219.1
Project("{9A19103F-16F7-4668-BE54-9A1E7A4F7556}") = "MvcMovie", "MvcMovie\MvcMovie.csproj", "{F131A0CF-99D5-4DF5-90CC-B0B5B658389A}"
EndProject
Global
	GlobalSection(SolutionConfigurationPlatforms) = preSolution
		Debug|Any CPU = Debug|Any CPU
		Release|Any CPU = Release|Any CPU
	EndGlobalSection
	GlobalSection(ProjectConfigurationPlatforms) = postSolution
		{F131A0CF-99D5-4DF5-90CC-B0B5B658389A}.Debug|Any CPU.ActiveCfg = Debug|Any CPU
		{F131A0CF-99D5-4DF5-90CC-B0B5B658389A}.Debug|Any CPU.Build.0 = Debug|Any CPU
		{F131A0CF-99D5-4DF5-90CC-B0B5B658389A}.Release|Any CPU.ActiveCfg = Release|Any CPU
		{F131A0CF-99D5-4DF5-90CC-B0B5B658389A}.Release|Any CPU.Build.0 = Release|Any CPU
	EndGlobalSection
	GlobalSection(SolutionProperties) = preSolution
		HideSolutionNode = FALSE
	EndGlobalSection
	GlobalSection(ExtensibilityGlobals) = postSolution
		SolutionGuid = {BB88305E-AA44-4308-AE57-2823B1989110}
	EndGlobalSection
EndGlobal
